
Microsoft Visual Studio Solution File, Format Version 12.00
Project("{FAE04EC0-301F-11D3-BF4B-00C04F79EFBC}") = "AirTableApp", "AirTableApp\AirTableApp.csproj", "{EFD39AEA-0340-48EA-84B7-9A7703A0BC60}"
EndProject
Global
	GlobalSection(SolutionConfigurationPlatforms) = preSolution
		Debug|Any CPU = Debug|Any CPU
		Release|Any CPU = Release|Any CPU
	EndGlobalSection
	GlobalSection(ProjectConfigurationPlatforms) = postSolution
		{EFD39AEA-0340-48EA-84B7-9A7703A0BC60}.Debug|Any CPU.ActiveCfg = Debug|Any CPU
		{EFD39AEA-0340-48EA-84B7-9A7703A0BC60}.Debug|Any CPU.Build.0 = Debug|Any CPU
		{EFD39AEA-0340-48EA-84B7-9A7703A0BC60}.Release|Any CPU.ActiveCfg = Release|Any CPU
		{EFD39AEA-0340-48EA-84B7-9A7703A0BC60}.Release|Any CPU.Build.0 = Release|Any CPU
	EndGlobalSection
EndGlobal
